
Microsoft Visual Studio Solution File, Format Version 11.00
# Visual Studio 2010
Project("{8BC9CEB8-8B4A-11D0-8D11-00A0C91BC942}") = "RollingWave3", "RollingWave3\RollingWave3.vcxproj", "{FD0B13DD-598D-4B5F-9AB8-91F4F803BEBE}"
	ProjectSection(ProjectDependencies) = postProject
		{20420B48-ABBF-40BB-9A6C-E1661E29C75A} = {20420B48-ABBF-40BB-9A6C-E1661E29C75A}
		{BCC17F53-1271-497E-BB0D-D73B6406DA0E} = {BCC17F53-1271-497E-BB0D-D73B6406DA0E}
		{61C5426C-14D1-4D04-B5DD-E54F6897BCA6} = {61C5426C-14D1-4D04-B5DD-E54F6897BCA6}
		{E0BB6F80-C7DB-4E9B-AE1D-74C2C163A767} = {E0BB6F80-C7DB-4E9B-AE1D-74C2C163A767}
		{C6DCEE89-DE82-406D-A1C4-FA2E87C450F0} = {C6DCEE89-DE82-406D-A1C4-FA2E87C450F0}
		{AE4DC68B-1E89-47E9-B1A6-A5E7083C5827} = {AE4DC68B-1E89-47E9-B1A6-A5E7083C5827}
		{6E0B6898-1550-4F5B-978E-117211E3962C} = {6E0B6898-1550-4F5B-978E-117211E3962C}
		{6FA347B3-97ED-446B-A4D3-98F140B6992A} = {6FA347B3-97ED-446B-A4D3-98F140B6992A}
		{375A73D3-8A09-4598-923F-6AF72786F27B} = {375A73D3-8A09-4598-923F-6AF72786F27B}
		{6F9AFEF5-9953-4397-B53A-C3D7517247FA} = {6F9AFEF5-9953-4397-B53A-C3D7517247FA}
	EndProjectSection
EndProject
Project("{8BC9CEB8-8B4A-11D0-8D11-00A0C91BC942}") = "nv_and_util", "RollingWave3\libs\jni\nv_and_util\nv_and_util.vcxproj", "{6FA347B3-97ED-446B-A4D3-98F140B6992A}"
EndProject
Project("{8BC9CEB8-8B4A-11D0-8D11-00A0C91BC942}") = "nv_bitfont", "RollingWave3\libs\jni\nv_bitfont\nv_bitfont.vcxproj", "{BCC17F53-1271-497E-BB0D-D73B6406DA0E}"
EndProject
Project("{8BC9CEB8-8B4A-11D0-8D11-00A0C91BC942}") = "nv_egl_util", "RollingWave3\libs\jni\nv_egl_util\nv_egl_util.vcxproj", "{E0BB6F80-C7DB-4E9B-AE1D-74C2C163A767}"
EndProject
Project("{8BC9CEB8-8B4A-11D0-8D11-00A0C91BC942}") = "nv_file", "RollingWave3\libs\jni\nv_file\nv_file.vcxproj", "{C6DCEE89-DE82-406D-A1C4-FA2E87C450F0}"
EndProject
Project("{8BC9CEB8-8B4A-11D0-8D11-00A0C91BC942}") = "nv_glesutil", "RollingWave3\libs\jni\nv_glesutil\nv_glesutil.vcxproj", "{61C5426C-14D1-4D04-B5DD-E54F6897BCA6}"
EndProject
Project("{8BC9CEB8-8B4A-11D0-8D11-00A0C91BC942}") = "nv_hhdds", "RollingWave3\libs\jni\nv_hhdds\nv_hhdds.vcxproj", "{6E0B6898-1550-4F5B-978E-117211E3962C}"
EndProject
Project("{8BC9CEB8-8B4A-11D0-8D11-00A0C91BC942}") = "nv_input", "RollingWave3\libs\jni\nv_input\nv_input.vcxproj", "{AE4DC68B-1E89-47E9-B1A6-A5E7083C5827}"
EndProject
Project("{8BC9CEB8-8B4A-11D0-8D11-00A0C91BC942}") = "nv_log", "RollingWave3\libs\jni\nv_log\nv_log.vcxproj", "{375A73D3-8A09-4598-923F-6AF72786F27B}"
EndProject
Project("{8BC9CEB8-8B4A-11D0-8D11-00A0C91BC942}") = "nv_shader", "RollingWave3\libs\jni\nv_shader\nv_shader.vcxproj", "{6F9AFEF5-9953-4397-B53A-C3D7517247FA}"
EndProject
Project("{8BC9CEB8-8B4A-11D0-8D11-00A0C91BC942}") = "nv_thread", "RollingWave3\libs\jni\nv_thread\nv_thread.vcxproj", "{20420B48-ABBF-40BB-9A6C-E1661E29C75A}"
EndProject
Project("{2150E333-8FDC-42A3-9474-1A3956D46DE8}") = "Library", "Library", "{0CDE6BAA-25F2-43C2-94D0-214DB850BE59}"
EndProject
Project("{8BC9CEB8-8B4A-11D0-8D11-00A0C91BC942}") = "Team Project", "Team Project\Team Project\Team Project.vcxproj", "{1A5B79EE-5EDE-49BE-A841-3AA8CF881137}"
EndProject
Project("{8BC9CEB8-8B4A-11D0-8D11-00A0C91BC942}") = "nclgl", "nclgl\nclgl.vcxproj", "{DCF66254-EC43-4AF3-B2F0-88D3A46D0931}"
EndProject
Project("{8BC9CEB8-8B4A-11D0-8D11-00A0C91BC942}") = "nclgl-Android", "RollingWave3\libs\jni\nclgl-Android\nclgl-Android.vcxproj", "{75B08DC2-97C6-4C69-B53D-10213005A711}"
EndProject
Project("{2150E333-8FDC-42A3-9474-1A3956D46DE8}") = "Solution Items", "Solution Items", "{7EB2289C-2099-4700-91F2-1F3ADBFC1B4F}"
	ProjectSection(SolutionItems) = preProject
		Performance1.psess = Performance1.psess
	EndProjectSection
EndProject
Global
	GlobalSection(SolutionConfigurationPlatforms) = preSolution
		Debug|Android = Debug|Android
		Debug|Mixed Platforms = Debug|Mixed Platforms
		Debug|Win32 = Debug|Win32
		Profile|Android = Profile|Android
		Profile|Mixed Platforms = Profile|Mixed Platforms
		Profile|Win32 = Profile|Win32
		Release|Android = Release|Android
		Release|Mixed Platforms = Release|Mixed Platforms
		Release|Win32 = Release|Win32
	EndGlobalSection
	GlobalSection(ProjectConfigurationPlatforms) = postSolution
		{FD0B13DD-598D-4B5F-9AB8-91F4F803BEBE}.Debug|Android.ActiveCfg = Debug|Android
		{FD0B13DD-598D-4B5F-9AB8-91F4F803BEBE}.Debug|Android.Build.0 = Debug|Android
		{FD0B13DD-598D-4B5F-9AB8-91F4F803BEBE}.Debug|Mixed Platforms.ActiveCfg = Debug|Android
		{FD0B13DD-598D-4B5F-9AB8-91F4F803BEBE}.Debug|Mixed Platforms.Build.0 = Debug|Android
		{FD0B13DD-598D-4B5F-9AB8-91F4F803BEBE}.Debug|Win32.ActiveCfg = Debug|Android
		{FD0B13DD-598D-4B5F-9AB8-91F4F803BEBE}.Profile|Android.ActiveCfg = Profile|Android
		{FD0B13DD-598D-4B5F-9AB8-91F4F803BEBE}.Profile|Android.Build.0 = Profile|Android
		{FD0B13DD-598D-4B5F-9AB8-91F4F803BEBE}.Profile|Mixed Platforms.ActiveCfg = Profile|Android
		{FD0B13DD-598D-4B5F-9AB8-91F4F803BEBE}.Profile|Mixed Platforms.Build.0 = Profile|Android
		{FD0B13DD-598D-4B5F-9AB8-91F4F803BEBE}.Profile|Win32.ActiveCfg = Profile|Android
		{FD0B13DD-598D-4B5F-9AB8-91F4F803BEBE}.Release|Android.ActiveCfg = Release|Android
		{FD0B13DD-598D-4B5F-9AB8-91F4F803BEBE}.Release|Android.Build.0 = Release|Android
		{FD0B13DD-598D-4B5F-9AB8-91F4F803BEBE}.Release|Mixed Platforms.ActiveCfg = Release|Android
		{FD0B13DD-598D-4B5F-9AB8-91F4F803BEBE}.Release|Mixed Platforms.Build.0 = Release|Android
		{FD0B13DD-598D-4B5F-9AB8-91F4F803BEBE}.Release|Win32.ActiveCfg = Release|Android
		{6FA347B3-97ED-446B-A4D3-98F140B6992A}.Debug|Android.ActiveCfg = Debug|Android
		{6FA347B3-97ED-446B-A4D3-98F140B6992A}.Debug|Android.Build.0 = Debug|Android
		{6FA347B3-97ED-446B-A4D3-98F140B6992A}.Debug|Mixed Platforms.ActiveCfg = Debug|Android
		{6FA347B3-97ED-446B-A4D3-98F140B6992A}.Debug|Mixed Platforms.Build.0 = Debug|Android
		{6FA347B3-97ED-446B-A4D3-98F140B6992A}.Debug|Win32.ActiveCfg = Debug|Android
		{6FA347B3-97ED-446B-A4D3-98F140B6992A}.Profile|Android.ActiveCfg = Profile|Android
		{6FA347B3-97ED-446B-A4D3-98F140B6992A}.Profile|Android.Build.0 = Profile|Android
		{6FA347B3-97ED-446B-A4D3-98F140B6992A}.Profile|Mixed Platforms.ActiveCfg = Profile|Android
		{6FA347B3-97ED-446B-A4D3-98F140B6992A}.Profile|Mixed Platforms.Build.0 = Profile|Android
		{6FA347B3-97ED-446B-A4D3-98F140B6992A}.Profile|Win32.ActiveCfg = Profile|Android
		{6FA347B3-97ED-446B-A4D3-98F140B6992A}.Release|Android.ActiveCfg = Release|Android
		{6FA347B3-97ED-446B-A4D3-98F140B6992A}.Release|Android.Build.0 = Release|Android
		{6FA347B3-97ED-446B-A4D3-98F140B6992A}.Release|Mixed Platforms.ActiveCfg = Release|Android
		{6FA347B3-97ED-446B-A4D3-98F140B6992A}.Release|Mixed Platforms.Build.0 = Release|Android
		{6FA347B3-97ED-446B-A4D3-98F140B6992A}.Release|Win32.ActiveCfg = Release|Android
		{BCC17F53-1271-497E-BB0D-D73B6406DA0E}.Debug|Android.ActiveCfg = Debug|Android
		{BCC17F53-1271-497E-BB0D-D73B6406DA0E}.Debug|Android.Build.0 = Debug|Android
		{BCC17F53-1271-497E-BB0D-D73B6406DA0E}.Debug|Mixed Platforms.ActiveCfg = Debug|Android
		{BCC17F53-1271-497E-BB0D-D73B6406DA0E}.Debug|Mixed Platforms.Build.0 = Debug|Android
		{BCC17F53-1271-497E-BB0D-D73B6406DA0E}.Debug|Win32.ActiveCfg = Debug|Android
		{BCC17F53-1271-497E-BB0D-D73B6406DA0E}.Profile|Android.ActiveCfg = Profile|Android
		{BCC17F53-1271-497E-BB0D-D73B6406DA0E}.Profile|Android.Build.0 = Profile|Android
		{BCC17F53-1271-497E-BB0D-D73B6406DA0E}.Profile|Mixed Platforms.ActiveCfg = Profile|Android
		{BCC17F53-1271-497E-BB0D-D73B6406DA0E}.Profile|Mixed Platforms.Build.0 = Profile|Android
		{BCC17F53-1271-497E-BB0D-D73B6406DA0E}.Profile|Win32.ActiveCfg = Profile|Android
		{BCC17F53-1271-497E-BB0D-D73B6406DA0E}.Release|Android.ActiveCfg = Release|Android
		{BCC17F53-1271-497E-BB0D-D73B6406DA0E}.Release|Android.Build.0 = Release|Android
		{BCC17F53-1271-497E-BB0D-D73B6406DA0E}.Release|Mixed Platforms.ActiveCfg = Release|Android
		{BCC17F53-1271-497E-BB0D-D73B6406DA0E}.Release|Mixed Platforms.Build.0 = Release|Android
		{BCC17F53-1271-497E-BB0D-D73B6406DA0E}.Release|Win32.ActiveCfg = Release|Android
		{E0BB6F80-C7DB-4E9B-AE1D-74C2C163A767}.Debug|Android.ActiveCfg = Debug|Android
		{E0BB6F80-C7DB-4E9B-AE1D-74C2C163A767}.Debug|Android.Build.0 = Debug|Android
		{E0BB6F80-C7DB-4E9B-AE1D-74C2C163A767}.Debug|Mixed Platforms.ActiveCfg = Debug|Android
		{E0BB6F80-C7DB-4E9B-AE1D-74C2C163A767}.Debug|Mixed Platforms.Build.0 = Debug|Android
		{E0BB6F80-C7DB-4E9B-AE1D-74C2C163A767}.Debug|Win32.ActiveCfg = Debug|Android
		{E0BB6F80-C7DB-4E9B-AE1D-74C2C163A767}.Profile|Android.ActiveCfg = Profile|Android
		{E0BB6F80-C7DB-4E9B-AE1D-74C2C163A767}.Profile|Android.Build.0 = Profile|Android
		{E0BB6F80-C7DB-4E9B-AE1D-74C2C163A767}.Profile|Mixed Platforms.ActiveCfg = Profile|Android
		{E0BB6F80-C7DB-4E9B-AE1D-74C2C163A767}.Profile|Mixed Platforms.Build.0 = Profile|Android
		{E0BB6F80-C7DB-4E9B-AE1D-74C2C163A767}.Profile|Win32.ActiveCfg = Profile|Android
		{E0BB6F80-C7DB-4E9B-AE1D-74C2C163A767}.Release|Android.ActiveCfg = Release|Android
		{E0BB6F80-C7DB-4E9B-AE1D-74C2C163A767}.Release|Android.Build.0 = Release|Android
		{E0BB6F80-C7DB-4E9B-AE1D-74C2C163A767}.Release|Mixed Platforms.ActiveCfg = Release|Android
		{E0BB6F80-C7DB-4E9B-AE1D-74C2C163A767}.Release|Mixed Platforms.Build.0 = Release|Android
		{E0BB6F80-C7DB-4E9B-AE1D-74C2C163A767}.Release|Win32.ActiveCfg = Release|Android
		{C6DCEE89-DE82-406D-A1C4-FA2E87C450F0}.Debug|Android.ActiveCfg = Debug|Android
		{C6DCEE89-DE82-406D-A1C4-FA2E87C450F0}.Debug|Android.Build.0 = Debug|Android
		{C6DCEE89-DE82-406D-A1C4-FA2E87C450F0}.Debug|Mixed Platforms.ActiveCfg = Debug|Android
		{C6DCEE89-DE82-406D-A1C4-FA2E87C450F0}.Debug|Mixed Platforms.Build.0 = Debug|Android
		{C6DCEE89-DE82-406D-A1C4-FA2E87C450F0}.Debug|Win32.ActiveCfg = Debug|Android
		{C6DCEE89-DE82-406D-A1C4-FA2E87C450F0}.Profile|Android.ActiveCfg = Profile|Android
		{C6DCEE89-DE82-406D-A1C4-FA2E87C450F0}.Profile|Android.Build.0 = Profile|Android
		{C6DCEE89-DE82-406D-A1C4-FA2E87C450F0}.Profile|Mixed Platforms.ActiveCfg = Profile|Android
		{C6DCEE89-DE82-406D-A1C4-FA2E87C450F0}.Profile|Mixed Platforms.Build.0 = Profile|Android
		{C6DCEE89-DE82-406D-A1C4-FA2E87C450F0}.Profile|Win32.ActiveCfg = Profile|Android
		{C6DCEE89-DE82-406D-A1C4-FA2E87C450F0}.Release|Android.ActiveCfg = Release|Android
		{C6DCEE89-DE82-406D-A1C4-FA2E87C450F0}.Release|Android.Build.0 = Release|Android
		{C6DCEE89-DE82-406D-A1C4-FA2E87C450F0}.Release|Mixed Platforms.ActiveCfg = Release|Android
		{C6DCEE89-DE82-406D-A1C4-FA2E87C450F0}.Release|Mixed Platforms.Build.0 = Release|Android
		{C6DCEE89-DE82-406D-A1C4-FA2E87C450F0}.Release|Win32.ActiveCfg = Release|Android
		{61C5426C-14D1-4D04-B5DD-E54F6897BCA6}.Debug|Android.ActiveCfg = Debug|Android
		{61C5426C-14D1-4D04-B5DD-E54F6897BCA6}.Debug|Android.Build.0 = Debug|Android
		{61C5426C-14D1-4D04-B5DD-E54F6897BCA6}.Debug|Mixed Platforms.ActiveCfg = Debug|Android
		{61C5426C-14D1-4D04-B5DD-E54F6897BCA6}.Debug|Mixed Platforms.Build.0 = Debug|Android
		{61C5426C-14D1-4D04-B5DD-E54F6897BCA6}.Debug|Win32.ActiveCfg = Debug|Android
		{61C5426C-14D1-4D04-B5DD-E54F6897BCA6}.Profile|Android.ActiveCfg = Profile|Android
		{61C5426C-14D1-4D04-B5DD-E54F6897BCA6}.Profile|Android.Build.0 = Profile|Android
		{61C5426C-14D1-4D04-B5DD-E54F6897BCA6}.Profile|Mixed Platforms.ActiveCfg = Profile|Android
		{61C5426C-14D1-4D04-B5DD-E54F6897BCA6}.Profile|Mixed Platforms.Build.0 = Profile|Android
		{61C5426C-14D1-4D04-B5DD-E54F6897BCA6}.Profile|Win32.ActiveCfg = Profile|Android
		{61C5426C-14D1-4D04-B5DD-E54F6897BCA6}.Release|Android.ActiveCfg = Release|Android
		{61C5426C-14D1-4D04-B5DD-E54F6897BCA6}.Release|Android.Build.0 = Release|Android
		{61C5426C-14D1-4D04-B5DD-E54F6897BCA6}.Release|Mixed Platforms.ActiveCfg = Release|Android
		{61C5426C-14D1-4D04-B5DD-E54F6897BCA6}.Release|Mixed Platforms.Build.0 = Release|Android
		{61C5426C-14D1-4D04-B5DD-E54F6897BCA6}.Release|Win32.ActiveCfg = Release|Android
		{6E0B6898-1550-4F5B-978E-117211E3962C}.Debug|Android.ActiveCfg = Debug|Android
		{6E0B6898-1550-4F5B-978E-117211E3962C}.Debug|Android.Build.0 = Debug|Android
		{6E0B6898-1550-4F5B-978E-117211E3962C}.Debug|Mixed Platforms.ActiveCfg = Debug|Android
		{6E0B6898-1550-4F5B-978E-117211E3962C}.Debug|Mixed Platforms.Build.0 = Debug|Android
		{6E0B6898-1550-4F5B-978E-117211E3962C}.Debug|Win32.ActiveCfg = Debug|Android
		{6E0B6898-1550-4F5B-978E-117211E3962C}.Profile|Android.ActiveCfg = Profile|Android
		{6E0B6898-1550-4F5B-978E-117211E3962C}.Profile|Android.Build.0 = Profile|Android
		{6E0B6898-1550-4F5B-978E-117211E3962C}.Profile|Mixed Platforms.ActiveCfg = Profile|Android
		{6E0B6898-1550-4F5B-978E-117211E3962C}.Profile|Mixed Platforms.Build.0 = Profile|Android
		{6E0B6898-1550-4F5B-978E-117211E3962C}.Profile|Win32.ActiveCfg = Profile|Android
		{6E0B6898-1550-4F5B-978E-117211E3962C}.Release|Android.ActiveCfg = Release|Android
		{6E0B6898-1550-4F5B-978E-117211E3962C}.Release|Android.Build.0 = Release|Android
		{6E0B6898-1550-4F5B-978E-117211E3962C}.Release|Mixed Platforms.ActiveCfg = Release|Android
		{6E0B6898-1550-4F5B-978E-117211E3962C}.Release|Mixed Platforms.Build.0 = Release|Android
		{6E0B6898-1550-4F5B-978E-117211E3962C}.Release|Win32.ActiveCfg = Release|Android
		{AE4DC68B-1E89-47E9-B1A6-A5E7083C5827}.Debug|Android.ActiveCfg = Debug|Android
		{AE4DC68B-1E89-47E9-B1A6-A5E7083C5827}.Debug|Android.Build.0 = Debug|Android
		{AE4DC68B-1E89-47E9-B1A6-A5E7083C5827}.Debug|Mixed Platforms.ActiveCfg = Debug|Android
		{AE4DC68B-1E89-47E9-B1A6-A5E7083C5827}.Debug|Mixed Platforms.Build.0 = Debug|Android
		{AE4DC68B-1E89-47E9-B1A6-A5E7083C5827}.Debug|Win32.ActiveCfg = Debug|Android
		{AE4DC68B-1E89-47E9-B1A6-A5E7083C5827}.Profile|Android.ActiveCfg = Profile|Android
		{AE4DC68B-1E89-47E9-B1A6-A5E7083C5827}.Profile|Android.Build.0 = Profile|Android
		{AE4DC68B-1E89-47E9-B1A6-A5E7083C5827}.Profile|Mixed Platforms.ActiveCfg = Profile|Android
		{AE4DC68B-1E89-47E9-B1A6-A5E7083C5827}.Profile|Mixed Platforms.Build.0 = Profile|Android
		{AE4DC68B-1E89-47E9-B1A6-A5E7083C5827}.Profile|Win32.ActiveCfg = Profile|Android
		{AE4DC68B-1E89-47E9-B1A6-A5E7083C5827}.Release|Android.ActiveCfg = Release|Android
		{AE4DC68B-1E89-47E9-B1A6-A5E7083C5827}.Release|Android.Build.0 = Release|Android
		{AE4DC68B-1E89-47E9-B1A6-A5E7083C5827}.Release|Mixed Platforms.ActiveCfg = Release|Android
		{AE4DC68B-1E89-47E9-B1A6-A5E7083C5827}.Release|Mixed Platforms.Build.0 = Release|Android
		{AE4DC68B-1E89-47E9-B1A6-A5E7083C5827}.Release|Win32.ActiveCfg = Release|Android
		{375A73D3-8A09-4598-923F-6AF72786F27B}.Debug|Android.ActiveCfg = Debug|Android
		{375A73D3-8A09-4598-923F-6AF72786F27B}.Debug|Android.Build.0 = Debug|Android
		{375A73D3-8A09-4598-923F-6AF72786F27B}.Debug|Mixed Platforms.ActiveCfg = Debug|Android
		{375A73D3-8A09-4598-923F-6AF72786F27B}.Debug|Mixed Platforms.Build.0 = Debug|Android
		{375A73D3-8A09-4598-923F-6AF72786F27B}.Debug|Win32.ActiveCfg = Debug|Android
		{375A73D3-8A09-4598-923F-6AF72786F27B}.Profile|Android.ActiveCfg = Profile|Android
		{375A73D3-8A09-4598-923F-6AF72786F27B}.Profile|Android.Build.0 = Profile|Android
		{375A73D3-8A09-4598-923F-6AF72786F27B}.Profile|Mixed Platforms.ActiveCfg = Profile|Android
		{375A73D3-8A09-4598-923F-6AF72786F27B}.Profile|Mixed Platforms.Build.0 = Profile|Android
		{375A73D3-8A09-4598-923F-6AF72786F27B}.Profile|Win32.ActiveCfg = Profile|Android
		{375A73D3-8A09-4598-923F-6AF72786F27B}.Release|Android.ActiveCfg = Release|Android
		{375A73D3-8A09-4598-923F-6AF72786F27B}.Release|Android.Build.0 = Release|Android
		{375A73D3-8A09-4598-923F-6AF72786F27B}.Release|Mixed Platforms.ActiveCfg = Release|Android
		{375A73D3-8A09-4598-923F-6AF72786F27B}.Release|Mixed Platforms.Build.0 = Release|Android
		{375A73D3-8A09-4598-923F-6AF72786F27B}.Release|Win32.ActiveCfg = Release|Android
		{6F9AFEF5-9953-4397-B53A-C3D7517247FA}.Debug|Android.ActiveCfg = Debug|Android
		{6F9AFEF5-9953-4397-B53A-C3D7517247FA}.Debug|Android.Build.0 = Debug|Android
		{6F9AFEF5-9953-4397-B53A-C3D7517247FA}.Debug|Mixed Platforms.ActiveCfg = Debug|Android
		{6F9AFEF5-9953-4397-B53A-C3D7517247FA}.Debug|Mixed Platforms.Build.0 = Debug|Android
		{6F9AFEF5-9953-4397-B53A-C3D7517247FA}.Debug|Win32.ActiveCfg = Debug|Android
		{6F9AFEF5-9953-4397-B53A-C3D7517247FA}.Profile|Android.ActiveCfg = Profile|Android
		{6F9AFEF5-9953-4397-B53A-C3D7517247FA}.Profile|Android.Build.0 = Profile|Android
		{6F9AFEF5-9953-4397-B53A-C3D7517247FA}.Profile|Mixed Platforms.ActiveCfg = Profile|Android
		{6F9AFEF5-9953-4397-B53A-C3D7517247FA}.Profile|Mixed Platforms.Build.0 = Profile|Android
		{6F9AFEF5-9953-4397-B53A-C3D7517247FA}.Profile|Win32.ActiveCfg = Profile|Android
		{6F9AFEF5-9953-4397-B53A-C3D7517247FA}.Release|Android.ActiveCfg = Release|Android
		{6F9AFEF5-9953-4397-B53A-C3D7517247FA}.Release|Android.Build.0 = Release|Android
		{6F9AFEF5-9953-4397-B53A-C3D7517247FA}.Release|Mixed Platforms.ActiveCfg = Release|Android
		{6F9AFEF5-9953-4397-B53A-C3D7517247FA}.Release|Mixed Platforms.Build.0 = Release|Android
		{6F9AFEF5-9953-4397-B53A-C3D7517247FA}.Release|Win32.ActiveCfg = Release|Android
		{20420B48-ABBF-40BB-9A6C-E1661E29C75A}.Debug|Android.ActiveCfg = Debug|Android
		{20420B48-ABBF-40BB-9A6C-E1661E29C75A}.Debug|Android.Build.0 = Debug|Android
		{20420B48-ABBF-40BB-9A6C-E1661E29C75A}.Debug|Mixed Platforms.ActiveCfg = Debug|Android
		{20420B48-ABBF-40BB-9A6C-E1661E29C75A}.Debug|Mixed Platforms.Build.0 = Debug|Android
		{20420B48-ABBF-40BB-9A6C-E1661E29C75A}.Debug|Win32.ActiveCfg = Debug|Android
		{20420B48-ABBF-40BB-9A6C-E1661E29C75A}.Profile|Android.ActiveCfg = Profile|Android
		{20420B48-ABBF-40BB-9A6C-E1661E29C75A}.Profile|Android.Build.0 = Profile|Android
		{20420B48-ABBF-40BB-9A6C-E1661E29C75A}.Profile|Mixed Platforms.ActiveCfg = Profile|Android
		{20420B48-ABBF-40BB-9A6C-E1661E29C75A}.Profile|Mixed Platforms.Build.0 = Profile|Android
		{20420B48-ABBF-40BB-9A6C-E1661E29C75A}.Profile|Win32.ActiveCfg = Profile|Android
		{20420B48-ABBF-40BB-9A6C-E1661E29C75A}.Release|Android.ActiveCfg = Release|Android
		{20420B48-ABBF-40BB-9A6C-E1661E29C75A}.Release|Android.Build.0 = Release|Android
		{20420B48-ABBF-40BB-9A6C-E1661E29C75A}.Release|Mixed Platforms.ActiveCfg = Release|Android
		{20420B48-ABBF-40BB-9A6C-E1661E29C75A}.Release|Mixed Platforms.Build.0 = Release|Android
		{20420B48-ABBF-40BB-9A6C-E1661E29C75A}.Release|Win32.ActiveCfg = Release|Android
		{1A5B79EE-5EDE-49BE-A841-3AA8CF881137}.Debug|Android.ActiveCfg = Debug|Win32
		{1A5B79EE-5EDE-49BE-A841-3AA8CF881137}.Debug|Mixed Platforms.ActiveCfg = Debug|Win32
		{1A5B79EE-5EDE-49BE-A841-3AA8CF881137}.Debug|Mixed Platforms.Build.0 = Debug|Win32
		{1A5B79EE-5EDE-49BE-A841-3AA8CF881137}.Debug|Win32.ActiveCfg = Debug|Win32
		{1A5B79EE-5EDE-49BE-A841-3AA8CF881137}.Debug|Win32.Build.0 = Debug|Win32
		{1A5B79EE-5EDE-49BE-A841-3AA8CF881137}.Profile|Android.ActiveCfg = Release|Win32
		{1A5B79EE-5EDE-49BE-A841-3AA8CF881137}.Profile|Mixed Platforms.ActiveCfg = Release|Win32
		{1A5B79EE-5EDE-49BE-A841-3AA8CF881137}.Profile|Mixed Platforms.Build.0 = Release|Win32
		{1A5B79EE-5EDE-49BE-A841-3AA8CF881137}.Profile|Win32.ActiveCfg = Release|Win32
		{1A5B79EE-5EDE-49BE-A841-3AA8CF881137}.Profile|Win32.Build.0 = Release|Win32
		{1A5B79EE-5EDE-49BE-A841-3AA8CF881137}.Release|Android.ActiveCfg = Release|Win32
		{1A5B79EE-5EDE-49BE-A841-3AA8CF881137}.Release|Mixed Platforms.ActiveCfg = Release|Win32
		{1A5B79EE-5EDE-49BE-A841-3AA8CF881137}.Release|Mixed Platforms.Build.0 = Release|Win32
		{1A5B79EE-5EDE-49BE-A841-3AA8CF881137}.Release|Win32.ActiveCfg = Release|Win32
		{1A5B79EE-5EDE-49BE-A841-3AA8CF881137}.Release|Win32.Build.0 = Release|Win32
		{DCF66254-EC43-4AF3-B2F0-88D3A46D0931}.Debug|Android.ActiveCfg = Debug|Win32
		{DCF66254-EC43-4AF3-B2F0-88D3A46D0931}.Debug|Mixed Platforms.ActiveCfg = Debug|Win32
		{DCF66254-EC43-4AF3-B2F0-88D3A46D0931}.Debug|Mixed Platforms.Build.0 = Debug|Win32
		{DCF66254-EC43-4AF3-B2F0-88D3A46D0931}.Debug|Win32.ActiveCfg = Debug|Win32
		{DCF66254-EC43-4AF3-B2F0-88D3A46D0931}.Debug|Win32.Build.0 = Debug|Win32
		{DCF66254-EC43-4AF3-B2F0-88D3A46D0931}.Profile|Android.ActiveCfg = Release|Win32
		{DCF66254-EC43-4AF3-B2F0-88D3A46D0931}.Profile|Mixed Platforms.ActiveCfg = Release|Win32
		{DCF66254-EC43-4AF3-B2F0-88D3A46D0931}.Profile|Mixed Platforms.Build.0 = Release|Win32
		{DCF66254-EC43-4AF3-B2F0-88D3A46D0931}.Profile|Win32.ActiveCfg = Release|Win32
		{DCF66254-EC43-4AF3-B2F0-88D3A46D0931}.Profile|Win32.Build.0 = Release|Win32
		{DCF66254-EC43-4AF3-B2F0-88D3A46D0931}.Release|Android.ActiveCfg = Release|Win32
		{DCF66254-EC43-4AF3-B2F0-88D3A46D0931}.Release|Mixed Platforms.ActiveCfg = Release|Win32
		{DCF66254-EC43-4AF3-B2F0-88D3A46D0931}.Release|Mixed Platforms.Build.0 = Release|Win32
		{DCF66254-EC43-4AF3-B2F0-88D3A46D0931}.Release|Win32.ActiveCfg = Release|Win32
		{DCF66254-EC43-4AF3-B2F0-88D3A46D0931}.Release|Win32.Build.0 = Release|Win32
		{75B08DC2-97C6-4C69-B53D-10213005A711}.Debug|Android.ActiveCfg = Debug|Android
		{75B08DC2-97C6-4C69-B53D-10213005A711}.Debug|Android.Build.0 = Debug|Android
		{75B08DC2-97C6-4C69-B53D-10213005A711}.Debug|Mixed Platforms.ActiveCfg = Debug|Android
		{75B08DC2-97C6-4C69-B53D-10213005A711}.Debug|Mixed Platforms.Build.0 = Debug|Android
		{75B08DC2-97C6-4C69-B53D-10213005A711}.Debug|Win32.ActiveCfg = Debug|Android
		{75B08DC2-97C6-4C69-B53D-10213005A711}.Profile|Android.ActiveCfg = Profile|Android
		{75B08DC2-97C6-4C69-B53D-10213005A711}.Profile|Android.Build.0 = Profile|Android
		{75B08DC2-97C6-4C69-B53D-10213005A711}.Profile|Mixed Platforms.ActiveCfg = Profile|Android
		{75B08DC2-97C6-4C69-B53D-10213005A711}.Profile|Mixed Platforms.Build.0 = Profile|Android
		{75B08DC2-97C6-4C69-B53D-10213005A711}.Profile|Win32.ActiveCfg = Profile|Android
		{75B08DC2-97C6-4C69-B53D-10213005A711}.Release|Android.ActiveCfg = Release|Android
		{75B08DC2-97C6-4C69-B53D-10213005A711}.Release|Android.Build.0 = Release|Android
		{75B08DC2-97C6-4C69-B53D-10213005A711}.Release|Mixed Platforms.ActiveCfg = Release|Android
		{75B08DC2-97C6-4C69-B53D-10213005A711}.Release|Mixed Platforms.Build.0 = Release|Android
		{75B08DC2-97C6-4C69-B53D-10213005A711}.Release|Win32.ActiveCfg = Release|Android
	EndGlobalSection
	GlobalSection(SolutionProperties) = preSolution
		HideSolutionNode = FALSE
	EndGlobalSection
	GlobalSection(NestedProjects) = preSolution
		{BCC17F53-1271-497E-BB0D-D73B6406DA0E} = {0CDE6BAA-25F2-43C2-94D0-214DB850BE59}
		{E0BB6F80-C7DB-4E9B-AE1D-74C2C163A767} = {0CDE6BAA-25F2-43C2-94D0-214DB850BE59}
		{C6DCEE89-DE82-406D-A1C4-FA2E87C450F0} = {0CDE6BAA-25F2-43C2-94D0-214DB850BE59}
		{61C5426C-14D1-4D04-B5DD-E54F6897BCA6} = {0CDE6BAA-25F2-43C2-94D0-214DB850BE59}
		{6E0B6898-1550-4F5B-978E-117211E3962C} = {0CDE6BAA-25F2-43C2-94D0-214DB850BE59}
		{AE4DC68B-1E89-47E9-B1A6-A5E7083C5827} = {0CDE6BAA-25F2-43C2-94D0-214DB850BE59}
		{375A73D3-8A09-4598-923F-6AF72786F27B} = {0CDE6BAA-25F2-43C2-94D0-214DB850BE59}
		{6F9AFEF5-9953-4397-B53A-C3D7517247FA} = {0CDE6BAA-25F2-43C2-94D0-214DB850BE59}
		{20420B48-ABBF-40BB-9A6C-E1661E29C75A} = {0CDE6BAA-25F2-43C2-94D0-214DB850BE59}
		{6FA347B3-97ED-446B-A4D3-98F140B6992A} = {0CDE6BAA-25F2-43C2-94D0-214DB850BE59}
		{75B08DC2-97C6-4C69-B53D-10213005A711} = {0CDE6BAA-25F2-43C2-94D0-214DB850BE59}
	EndGlobalSection
EndGlobal
